{
  "name": "src",
  "version": "1.0.0",
  "lockfileVersion": 1,
  "requires": true,
  "dependencies": {
    "pnpm": {
      "version": "7.33.5",
      "resolved": "https://registry.npmmirror.com/pnpm/-/pnpm-7.33.5.tgz",
      "integrity": "sha512-TkmfIv/+WEWqj5Rj4ThrLXLDE04OvvlAk2CthE/vApDoK0ebMusuwPMOVmB+GCDCIWeCn9YmVtQaj9DMSg9CZw=="
    }
  }
}
